
Microsoft Visual Studio Solution File, Format Version 12.00
# Visual Studio Version 17
VisualStudioVersion = 17.14.36414.22
MinimumVisualStudioVersion = 10.0.40219.1
Project("{2150E333-8FDC-42A3-9474-1A3956D46DE8}") = "Solution items", "Solution items", "{36D591C7-65C7-A0D1-1CBC-10CDE441BDC8}"
	ProjectSection(SolutionItems) = preProject
		.editorconfig.base = .editorconfig.base
		.editorconfig.strict = .editorconfig.strict
	EndProjectSection
EndProject
Project("{2150E333-8FDC-42A3-9474-1A3956D46DE8}") = "src", "src", "{F37588B8-BEF9-4804-B1BC-7DEBC38219CD}"
EndProject
Project("{2150E333-8FDC-42A3-9474-1A3956D46DE8}") = "tests", "tests", "{C1095004-38CC-4565-8D22-14BA594CA336}"
EndProject
Project("{FAE04EC0-301F-11D3-BF4B-00C04F79EFBC}") = "Todo.Core", "Todo.Core\Todo.Core.csproj", "{FCEE54D1-9AC3-47A6-8824-DF8E0C1ADE9C}"
EndProject
Project("{FAE04EC0-301F-11D3-BF4B-00C04F79EFBC}") = "Todo.SampleApp", "Todo.SampleApp\Todo.SampleApp.csproj", "{C94C0EEA-8652-4030-936F-519967136B18}"
EndProject
Project("{FAE04EC0-301F-11D3-BF4B-00C04F79EFBC}") = "Todo.Core.Tests", "Todo.Core.Tests\Todo.Core.Tests.csproj", "{EF0B855D-E96D-442D-85A4-6152765A932A}"
EndProject
Project("{2150E333-8FDC-42A3-9474-1A3956D46DE8}") = ".github", ".github", "{9A1E3BEC-2E00-4DE0-9D95-64FEC19B1D35}"
	ProjectSection(SolutionItems) = preProject
		.githubworkflowsci-analysis.yml = .githubworkflowsci-analysis.yml
		cd.yml = cd.yml
	EndProjectSection
EndProject
Global
	GlobalSection(SolutionConfigurationPlatforms) = preSolution
		Debug|Any CPU = Debug|Any CPU
		Release|Any CPU = Release|Any CPU
	EndGlobalSection
	GlobalSection(ProjectConfigurationPlatforms) = postSolution
		{FCEE54D1-9AC3-47A6-8824-DF8E0C1ADE9C}.Debug|Any CPU.ActiveCfg = Debug|Any CPU
		{FCEE54D1-9AC3-47A6-8824-DF8E0C1ADE9C}.Debug|Any CPU.Build.0 = Debug|Any CPU
		{FCEE54D1-9AC3-47A6-8824-DF8E0C1ADE9C}.Release|Any CPU.ActiveCfg = Release|Any CPU
		{FCEE54D1-9AC3-47A6-8824-DF8E0C1ADE9C}.Release|Any CPU.Build.0 = Release|Any CPU
		{C94C0EEA-8652-4030-936F-519967136B18}.Debug|Any CPU.ActiveCfg = Debug|Any CPU
		{C94C0EEA-8652-4030-936F-519967136B18}.Debug|Any CPU.Build.0 = Debug|Any CPU
		{C94C0EEA-8652-4030-936F-519967136B18}.Release|Any CPU.ActiveCfg = Release|Any CPU
		{C94C0EEA-8652-4030-936F-519967136B18}.Release|Any CPU.Build.0 = Release|Any CPU
		{EF0B855D-E96D-442D-85A4-6152765A932A}.Debug|Any CPU.ActiveCfg = Debug|Any CPU
		{EF0B855D-E96D-442D-85A4-6152765A932A}.Debug|Any CPU.Build.0 = Debug|Any CPU
		{EF0B855D-E96D-442D-85A4-6152765A932A}.Release|Any CPU.ActiveCfg = Release|Any CPU
		{EF0B855D-E96D-442D-85A4-6152765A932A}.Release|Any CPU.Build.0 = Release|Any CPU
	EndGlobalSection
	GlobalSection(SolutionProperties) = preSolution
		HideSolutionNode = FALSE
	EndGlobalSection
	GlobalSection(NestedProjects) = preSolution
		{FCEE54D1-9AC3-47A6-8824-DF8E0C1ADE9C} = {F37588B8-BEF9-4804-B1BC-7DEBC38219CD}
		{C94C0EEA-8652-4030-936F-519967136B18} = {F37588B8-BEF9-4804-B1BC-7DEBC38219CD}
		{EF0B855D-E96D-442D-85A4-6152765A932A} = {C1095004-38CC-4565-8D22-14BA594CA336}
	EndGlobalSection
	GlobalSection(ExtensibilityGlobals) = postSolution
		SolutionGuid = {2A4D6EC5-7B72-487D-BF45-73B8329972A2}
	EndGlobalSection
EndGlobal
